
Microsoft Visual Studio Solution File, Format Version 12.00
# Visual Studio 2015
Project("{FAE04EC0-301F-11D3-BF4B-00C04F79EFBC}") = "Draconian 2D.CSharp.Plugins", "Draconian 2D.CSharp.Plugins.csproj", "{7E718DD6-DFE2-F9B4-81C9-BC68629F9428}"
EndProject
Project("{FAE04EC0-301F-11D3-BF4B-00C04F79EFBC}") = "Draconian 2D.CSharp", "Draconian 2D.CSharp.csproj", "{642D0426-5263-D185-7545-8DF7A8BFAAD6}"
EndProject
Global
	GlobalSection(SolutionConfigurationPlatforms) = preSolution
		Debug|Any CPU = Debug|Any CPU
		Release|Any CPU = Release|Any CPU
	EndGlobalSection
	GlobalSection(ProjectConfigurationPlatforms) = postSolution
		{7E718DD6-DFE2-F9B4-81C9-BC68629F9428}.Debug|Any CPU.ActiveCfg = Debug|Any CPU
		{7E718DD6-DFE2-F9B4-81C9-BC68629F9428}.Debug|Any CPU.Build.0 = Debug|Any CPU
		{7E718DD6-DFE2-F9B4-81C9-BC68629F9428}.Release|Any CPU.ActiveCfg = Release|Any CPU
		{7E718DD6-DFE2-F9B4-81C9-BC68629F9428}.Release|Any CPU.Build.0 = Release|Any CPU
		{642D0426-5263-D185-7545-8DF7A8BFAAD6}.Debug|Any CPU.ActiveCfg = Debug|Any CPU
		{642D0426-5263-D185-7545-8DF7A8BFAAD6}.Debug|Any CPU.Build.0 = Debug|Any CPU
		{642D0426-5263-D185-7545-8DF7A8BFAAD6}.Release|Any CPU.ActiveCfg = Release|Any CPU
		{642D0426-5263-D185-7545-8DF7A8BFAAD6}.Release|Any CPU.Build.0 = Release|Any CPU
	EndGlobalSection
	GlobalSection(SolutionProperties) = preSolution
		HideSolutionNode = FALSE
	EndGlobalSection
EndGlobal
